
Microsoft Visual Studio Solution File, Format Version 11.00
# Visual Studio 2010
Project("{FAE04EC0-301F-11D3-BF4B-00C04F79EFBC}") = "ForeverRobot.Users", "Source\ForeverRobot.Users\ForeverRobot.Users.csproj", "{80379DF8-9F8C-407F-9190-E640EF90C613}"
EndProject
Project("{FAE04EC0-301F-11D3-BF4B-00C04F79EFBC}") = "ForeverRobot.Users.Specification", "Source\ForeverRobot.Users.Specification\ForeverRobot.Users.Specification.csproj", "{F4D2F2B5-080F-4CB8-A7E7-DC733E1BA86E}"
EndProject
Global
	GlobalSection(SolutionConfigurationPlatforms) = preSolution
		Debug|Any CPU = Debug|Any CPU
		Release|Any CPU = Release|Any CPU
	EndGlobalSection
	GlobalSection(ProjectConfigurationPlatforms) = postSolution
		{80379DF8-9F8C-407F-9190-E640EF90C613}.Debug|Any CPU.ActiveCfg = Debug|Any CPU
		{80379DF8-9F8C-407F-9190-E640EF90C613}.Debug|Any CPU.Build.0 = Debug|Any CPU
		{80379DF8-9F8C-407F-9190-E640EF90C613}.Release|Any CPU.ActiveCfg = Release|Any CPU
		{80379DF8-9F8C-407F-9190-E640EF90C613}.Release|Any CPU.Build.0 = Release|Any CPU
		{F4D2F2B5-080F-4CB8-A7E7-DC733E1BA86E}.Debug|Any CPU.ActiveCfg = Debug|Any CPU
		{F4D2F2B5-080F-4CB8-A7E7-DC733E1BA86E}.Debug|Any CPU.Build.0 = Debug|Any CPU
		{F4D2F2B5-080F-4CB8-A7E7-DC733E1BA86E}.Release|Any CPU.ActiveCfg = Release|Any CPU
		{F4D2F2B5-080F-4CB8-A7E7-DC733E1BA86E}.Release|Any CPU.Build.0 = Release|Any CPU
	EndGlobalSection
	GlobalSection(SolutionProperties) = preSolution
		HideSolutionNode = FALSE
	EndGlobalSection
EndGlobal
